
Microsoft Visual Studio Solution File, Format Version 12.00
# Visual Studio 15
VisualStudioVersion = 15.0.28010.0
MinimumVisualStudioVersion = 10.0.40219.1
Project("{FAE04EC0-301F-11D3-BF4B-00C04F79EFBC}") = "LargestRange", "LargestRange\LargestRange.csproj", "{E344738A-E50F-4B7E-8885-B0D86D9F5F1E}"
EndProject
Global
	GlobalSection(SolutionConfigurationPlatforms) = preSolution
		Debug|Any CPU = Debug|Any CPU
		Release|Any CPU = Release|Any CPU
	EndGlobalSection
	GlobalSection(ProjectConfigurationPlatforms) = postSolution
		{E344738A-E50F-4B7E-8885-B0D86D9F5F1E}.Debug|Any CPU.ActiveCfg = Debug|Any CPU
		{E344738A-E50F-4B7E-8885-B0D86D9F5F1E}.Debug|Any CPU.Build.0 = Debug|Any CPU
		{E344738A-E50F-4B7E-8885-B0D86D9F5F1E}.Release|Any CPU.ActiveCfg = Release|Any CPU
		{E344738A-E50F-4B7E-8885-B0D86D9F5F1E}.Release|Any CPU.Build.0 = Release|Any CPU
	EndGlobalSection
	GlobalSection(SolutionProperties) = preSolution
		HideSolutionNode = FALSE
	EndGlobalSection
	GlobalSection(ExtensibilityGlobals) = postSolution
		SolutionGuid = {8A6014CC-4081-4A6D-A03F-7D6AA1F88705}
	EndGlobalSection
EndGlobal
