
Microsoft Visual Studio Solution File, Format Version 12.00
# Visual Studio 15
VisualStudioVersion = 15.0.28010.0
MinimumVisualStudioVersion = 10.0.40219.1
Project("{FAE04EC0-301F-11D3-BF4B-00C04F79EFBC}") = "UniquePaths", "UniquePaths\UniquePaths.csproj", "{BCB1AB99-3196-498A-BFF8-334C1E96DAE3}"
EndProject
Global
	GlobalSection(SolutionConfigurationPlatforms) = preSolution
		Debug|Any CPU = Debug|Any CPU
		Release|Any CPU = Release|Any CPU
	EndGlobalSection
	GlobalSection(ProjectConfigurationPlatforms) = postSolution
		{BCB1AB99-3196-498A-BFF8-334C1E96DAE3}.Debug|Any CPU.ActiveCfg = Debug|Any CPU
		{BCB1AB99-3196-498A-BFF8-334C1E96DAE3}.Debug|Any CPU.Build.0 = Debug|Any CPU
		{BCB1AB99-3196-498A-BFF8-334C1E96DAE3}.Release|Any CPU.ActiveCfg = Release|Any CPU
		{BCB1AB99-3196-498A-BFF8-334C1E96DAE3}.Release|Any CPU.Build.0 = Release|Any CPU
	EndGlobalSection
	GlobalSection(SolutionProperties) = preSolution
		HideSolutionNode = FALSE
	EndGlobalSection
	GlobalSection(ExtensibilityGlobals) = postSolution
		SolutionGuid = {46B45CD6-E774-4503-80EC-1E6BD18D6AF2}
	EndGlobalSection
EndGlobal
