
Microsoft Visual Studio Solution File, Format Version 12.00
# Visual Studio 15
VisualStudioVersion = 15.0.28010.0
MinimumVisualStudioVersion = 10.0.40219.1
Project("{FAE04EC0-301F-11D3-BF4B-00C04F79EFBC}") = "DuplicateXorProblem", "DuplicateXorPRoblem\DuplicateXorProblem.csproj", "{6F253C70-AA7C-4423-80D6-72CDF67FD659}"
EndProject
Global
	GlobalSection(SolutionConfigurationPlatforms) = preSolution
		Debug|Any CPU = Debug|Any CPU
		Release|Any CPU = Release|Any CPU
	EndGlobalSection
	GlobalSection(ProjectConfigurationPlatforms) = postSolution
		{6F253C70-AA7C-4423-80D6-72CDF67FD659}.Debug|Any CPU.ActiveCfg = Debug|Any CPU
		{6F253C70-AA7C-4423-80D6-72CDF67FD659}.Debug|Any CPU.Build.0 = Debug|Any CPU
		{6F253C70-AA7C-4423-80D6-72CDF67FD659}.Release|Any CPU.ActiveCfg = Release|Any CPU
		{6F253C70-AA7C-4423-80D6-72CDF67FD659}.Release|Any CPU.Build.0 = Release|Any CPU
	EndGlobalSection
	GlobalSection(SolutionProperties) = preSolution
		HideSolutionNode = FALSE
	EndGlobalSection
	GlobalSection(ExtensibilityGlobals) = postSolution
		SolutionGuid = {ACE04526-C1C4-4BE1-90FD-4B63E3C5162D}
	EndGlobalSection
EndGlobal
