
Microsoft Visual Studio Solution File, Format Version 12.00
# Visual Studio 15
VisualStudioVersion = 15.0.28010.0
MinimumVisualStudioVersion = 10.0.40219.1
Project("{FAE04EC0-301F-11D3-BF4B-00C04F79EFBC}") = "RobotReturnToOrigin", "RobotReturnToOrigin\RobotReturnToOrigin.csproj", "{5B50F4C3-3E72-40F1-A336-0CB87700C09A}"
EndProject
Global
	GlobalSection(SolutionConfigurationPlatforms) = preSolution
		Debug|Any CPU = Debug|Any CPU
		Release|Any CPU = Release|Any CPU
	EndGlobalSection
	GlobalSection(ProjectConfigurationPlatforms) = postSolution
		{5B50F4C3-3E72-40F1-A336-0CB87700C09A}.Debug|Any CPU.ActiveCfg = Debug|Any CPU
		{5B50F4C3-3E72-40F1-A336-0CB87700C09A}.Debug|Any CPU.Build.0 = Debug|Any CPU
		{5B50F4C3-3E72-40F1-A336-0CB87700C09A}.Release|Any CPU.ActiveCfg = Release|Any CPU
		{5B50F4C3-3E72-40F1-A336-0CB87700C09A}.Release|Any CPU.Build.0 = Release|Any CPU
	EndGlobalSection
	GlobalSection(SolutionProperties) = preSolution
		HideSolutionNode = FALSE
	EndGlobalSection
	GlobalSection(ExtensibilityGlobals) = postSolution
		SolutionGuid = {2F9F9899-8369-46D4-8018-0BDF19928DCF}
	EndGlobalSection
EndGlobal
