
Microsoft Visual Studio Solution File, Format Version 12.00
# Visual Studio 15
VisualStudioVersion = 15.0.28010.0
MinimumVisualStudioVersion = 10.0.40219.1
Project("{FAE04EC0-301F-11D3-BF4B-00C04F79EFBC}") = "RangeSumOfBST", "RangeSumOfBST\RangeSumOfBST.csproj", "{C3FACD86-CC44-4AF2-9195-B28A59C39841}"
EndProject
Global
	GlobalSection(SolutionConfigurationPlatforms) = preSolution
		Debug|Any CPU = Debug|Any CPU
		Release|Any CPU = Release|Any CPU
	EndGlobalSection
	GlobalSection(ProjectConfigurationPlatforms) = postSolution
		{C3FACD86-CC44-4AF2-9195-B28A59C39841}.Debug|Any CPU.ActiveCfg = Debug|Any CPU
		{C3FACD86-CC44-4AF2-9195-B28A59C39841}.Debug|Any CPU.Build.0 = Debug|Any CPU
		{C3FACD86-CC44-4AF2-9195-B28A59C39841}.Release|Any CPU.ActiveCfg = Release|Any CPU
		{C3FACD86-CC44-4AF2-9195-B28A59C39841}.Release|Any CPU.Build.0 = Release|Any CPU
	EndGlobalSection
	GlobalSection(SolutionProperties) = preSolution
		HideSolutionNode = FALSE
	EndGlobalSection
	GlobalSection(ExtensibilityGlobals) = postSolution
		SolutionGuid = {91771C26-6408-4AB3-9BF0-75DE2438A657}
	EndGlobalSection
EndGlobal
