
Microsoft Visual Studio Solution File, Format Version 12.00
# Visual Studio 15
VisualStudioVersion = 15.0.28010.0
MinimumVisualStudioVersion = 10.0.40219.1
Project("{FAE04EC0-301F-11D3-BF4B-00C04F79EFBC}") = "ReorderLogFiles", "ReorderLogFiles\ReorderLogFiles.csproj", "{54B1C2CE-3F0B-41DB-AF0A-9D1CB2A123D9}"
EndProject
Global
	GlobalSection(SolutionConfigurationPlatforms) = preSolution
		Debug|Any CPU = Debug|Any CPU
		Release|Any CPU = Release|Any CPU
	EndGlobalSection
	GlobalSection(ProjectConfigurationPlatforms) = postSolution
		{54B1C2CE-3F0B-41DB-AF0A-9D1CB2A123D9}.Debug|Any CPU.ActiveCfg = Debug|Any CPU
		{54B1C2CE-3F0B-41DB-AF0A-9D1CB2A123D9}.Debug|Any CPU.Build.0 = Debug|Any CPU
		{54B1C2CE-3F0B-41DB-AF0A-9D1CB2A123D9}.Release|Any CPU.ActiveCfg = Release|Any CPU
		{54B1C2CE-3F0B-41DB-AF0A-9D1CB2A123D9}.Release|Any CPU.Build.0 = Release|Any CPU
	EndGlobalSection
	GlobalSection(SolutionProperties) = preSolution
		HideSolutionNode = FALSE
	EndGlobalSection
	GlobalSection(ExtensibilityGlobals) = postSolution
		SolutionGuid = {3F697355-4108-4C41-9315-26CA8A534054}
	EndGlobalSection
EndGlobal
