
Microsoft Visual Studio Solution File, Format Version 12.00
# Visual Studio 15
VisualStudioVersion = 15.0.28010.0
MinimumVisualStudioVersion = 10.0.40219.1
Project("{FAE04EC0-301F-11D3-BF4B-00C04F79EFBC}") = "SortedLinkListProject", "SortedLinkListProject\SortedLinkListProject.csproj", "{EA47BC3F-ACD1-451A-A82F-707521298B63}"
EndProject
Global
	GlobalSection(SolutionConfigurationPlatforms) = preSolution
		Debug|Any CPU = Debug|Any CPU
		Release|Any CPU = Release|Any CPU
	EndGlobalSection
	GlobalSection(ProjectConfigurationPlatforms) = postSolution
		{EA47BC3F-ACD1-451A-A82F-707521298B63}.Debug|Any CPU.ActiveCfg = Debug|Any CPU
		{EA47BC3F-ACD1-451A-A82F-707521298B63}.Debug|Any CPU.Build.0 = Debug|Any CPU
		{EA47BC3F-ACD1-451A-A82F-707521298B63}.Release|Any CPU.ActiveCfg = Release|Any CPU
		{EA47BC3F-ACD1-451A-A82F-707521298B63}.Release|Any CPU.Build.0 = Release|Any CPU
	EndGlobalSection
	GlobalSection(SolutionProperties) = preSolution
		HideSolutionNode = FALSE
	EndGlobalSection
	GlobalSection(ExtensibilityGlobals) = postSolution
		SolutionGuid = {37ED096A-3779-49DE-BF0B-AAA995974BC5}
	EndGlobalSection
EndGlobal
