
Microsoft Visual Studio Solution File, Format Version 12.00
# Visual Studio 15
VisualStudioVersion = 15.0.28010.0
MinimumVisualStudioVersion = 10.0.40219.1
Project("{FAE04EC0-301F-11D3-BF4B-00C04F79EFBC}") = "SelectionSort", "SelectionSort\SelectionSort.csproj", "{7F80D70D-2EA2-4F96-9341-DBAA8871EA32}"
EndProject
Global
	GlobalSection(SolutionConfigurationPlatforms) = preSolution
		Debug|Any CPU = Debug|Any CPU
		Release|Any CPU = Release|Any CPU
	EndGlobalSection
	GlobalSection(ProjectConfigurationPlatforms) = postSolution
		{7F80D70D-2EA2-4F96-9341-DBAA8871EA32}.Debug|Any CPU.ActiveCfg = Debug|Any CPU
		{7F80D70D-2EA2-4F96-9341-DBAA8871EA32}.Debug|Any CPU.Build.0 = Debug|Any CPU
		{7F80D70D-2EA2-4F96-9341-DBAA8871EA32}.Release|Any CPU.ActiveCfg = Release|Any CPU
		{7F80D70D-2EA2-4F96-9341-DBAA8871EA32}.Release|Any CPU.Build.0 = Release|Any CPU
	EndGlobalSection
	GlobalSection(SolutionProperties) = preSolution
		HideSolutionNode = FALSE
	EndGlobalSection
	GlobalSection(ExtensibilityGlobals) = postSolution
		SolutionGuid = {A05FA0B5-3452-420E-A29F-6A3A939D28DE}
	EndGlobalSection
EndGlobal
