
Microsoft Visual Studio Solution File, Format Version 12.00
# Visual Studio 15
VisualStudioVersion = 15.0.28010.0
MinimumVisualStudioVersion = 10.0.40219.1
Project("{FAE04EC0-301F-11D3-BF4B-00C04F79EFBC}") = "SumOfDigitsRecursive", "SumOfDigitsRecursive\SumOfDigitsRecursive.csproj", "{146284F9-144B-41FD-AD8F-DB1FD6DD9755}"
EndProject
Global
	GlobalSection(SolutionConfigurationPlatforms) = preSolution
		Debug|Any CPU = Debug|Any CPU
		Release|Any CPU = Release|Any CPU
	EndGlobalSection
	GlobalSection(ProjectConfigurationPlatforms) = postSolution
		{146284F9-144B-41FD-AD8F-DB1FD6DD9755}.Debug|Any CPU.ActiveCfg = Debug|Any CPU
		{146284F9-144B-41FD-AD8F-DB1FD6DD9755}.Debug|Any CPU.Build.0 = Debug|Any CPU
		{146284F9-144B-41FD-AD8F-DB1FD6DD9755}.Release|Any CPU.ActiveCfg = Release|Any CPU
		{146284F9-144B-41FD-AD8F-DB1FD6DD9755}.Release|Any CPU.Build.0 = Release|Any CPU
	EndGlobalSection
	GlobalSection(SolutionProperties) = preSolution
		HideSolutionNode = FALSE
	EndGlobalSection
	GlobalSection(ExtensibilityGlobals) = postSolution
		SolutionGuid = {0B892FF5-31B8-49C5-B2E9-60E6F6B87741}
	EndGlobalSection
EndGlobal
