
Microsoft Visual Studio Solution File, Format Version 12.00
# Visual Studio 15
VisualStudioVersion = 15.0.28010.0
MinimumVisualStudioVersion = 10.0.40219.1
Project("{FAE04EC0-301F-11D3-BF4B-00C04F79EFBC}") = "MergeSort", "MergeSort\MergeSort.csproj", "{9BBB1ACF-19F4-4980-80D8-EFEB77751DB3}"
EndProject
Global
	GlobalSection(SolutionConfigurationPlatforms) = preSolution
		Debug|Any CPU = Debug|Any CPU
		Release|Any CPU = Release|Any CPU
	EndGlobalSection
	GlobalSection(ProjectConfigurationPlatforms) = postSolution
		{9BBB1ACF-19F4-4980-80D8-EFEB77751DB3}.Debug|Any CPU.ActiveCfg = Debug|Any CPU
		{9BBB1ACF-19F4-4980-80D8-EFEB77751DB3}.Debug|Any CPU.Build.0 = Debug|Any CPU
		{9BBB1ACF-19F4-4980-80D8-EFEB77751DB3}.Release|Any CPU.ActiveCfg = Release|Any CPU
		{9BBB1ACF-19F4-4980-80D8-EFEB77751DB3}.Release|Any CPU.Build.0 = Release|Any CPU
	EndGlobalSection
	GlobalSection(SolutionProperties) = preSolution
		HideSolutionNode = FALSE
	EndGlobalSection
	GlobalSection(ExtensibilityGlobals) = postSolution
		SolutionGuid = {7CDF4576-4BBC-4456-92D8-951A86D00FF0}
	EndGlobalSection
EndGlobal
