
Microsoft Visual Studio Solution File, Format Version 12.00
# Visual Studio 15
VisualStudioVersion = 15.0.28010.0
MinimumVisualStudioVersion = 10.0.40219.1
Project("{FAE04EC0-301F-11D3-BF4B-00C04F79EFBC}") = "MultipleInheritanceUsingInterface", "MultipleInheritanceUsingInterface\MultipleInheritanceUsingInterface.csproj", "{EDCF4D64-9FA9-44D8-8AC9-24E5B82A8635}"
EndProject
Global
	GlobalSection(SolutionConfigurationPlatforms) = preSolution
		Debug|Any CPU = Debug|Any CPU
		Release|Any CPU = Release|Any CPU
	EndGlobalSection
	GlobalSection(ProjectConfigurationPlatforms) = postSolution
		{EDCF4D64-9FA9-44D8-8AC9-24E5B82A8635}.Debug|Any CPU.ActiveCfg = Debug|Any CPU
		{EDCF4D64-9FA9-44D8-8AC9-24E5B82A8635}.Debug|Any CPU.Build.0 = Debug|Any CPU
		{EDCF4D64-9FA9-44D8-8AC9-24E5B82A8635}.Release|Any CPU.ActiveCfg = Release|Any CPU
		{EDCF4D64-9FA9-44D8-8AC9-24E5B82A8635}.Release|Any CPU.Build.0 = Release|Any CPU
	EndGlobalSection
	GlobalSection(SolutionProperties) = preSolution
		HideSolutionNode = FALSE
	EndGlobalSection
	GlobalSection(ExtensibilityGlobals) = postSolution
		SolutionGuid = {3D7211F7-3347-40DE-A750-69464C8C5882}
	EndGlobalSection
EndGlobal
