
Microsoft Visual Studio Solution File, Format Version 12.00
# Visual Studio 15
VisualStudioVersion = 15.0.28010.0
MinimumVisualStudioVersion = 10.0.40219.1
Project("{FAE04EC0-301F-11D3-BF4B-00C04F79EFBC}") = "LongestPalindromicSubstring", "LongestPalindromicSubstring\LongestPalindromicSubstring.csproj", "{F2EDC53A-8BA3-42B7-9E69-F1198A5A50BA}"
EndProject
Global
	GlobalSection(SolutionConfigurationPlatforms) = preSolution
		Debug|Any CPU = Debug|Any CPU
		Release|Any CPU = Release|Any CPU
	EndGlobalSection
	GlobalSection(ProjectConfigurationPlatforms) = postSolution
		{F2EDC53A-8BA3-42B7-9E69-F1198A5A50BA}.Debug|Any CPU.ActiveCfg = Debug|Any CPU
		{F2EDC53A-8BA3-42B7-9E69-F1198A5A50BA}.Debug|Any CPU.Build.0 = Debug|Any CPU
		{F2EDC53A-8BA3-42B7-9E69-F1198A5A50BA}.Release|Any CPU.ActiveCfg = Release|Any CPU
		{F2EDC53A-8BA3-42B7-9E69-F1198A5A50BA}.Release|Any CPU.Build.0 = Release|Any CPU
	EndGlobalSection
	GlobalSection(SolutionProperties) = preSolution
		HideSolutionNode = FALSE
	EndGlobalSection
	GlobalSection(ExtensibilityGlobals) = postSolution
		SolutionGuid = {69744F05-0152-49C4-AEC9-C8A603B28529}
	EndGlobalSection
EndGlobal
