
Microsoft Visual Studio Solution File, Format Version 12.00
# Visual Studio 15
VisualStudioVersion = 15.0.28010.0
MinimumVisualStudioVersion = 10.0.40219.1
Project("{FAE04EC0-301F-11D3-BF4B-00C04F79EFBC}") = "MinCostToConnectRopes", "MinCostToConnectRopes\MinCostToConnectRopes.csproj", "{553E8FDD-B151-4CE3-863E-F210F41F6E16}"
EndProject
Global
	GlobalSection(SolutionConfigurationPlatforms) = preSolution
		Debug|Any CPU = Debug|Any CPU
		Release|Any CPU = Release|Any CPU
	EndGlobalSection
	GlobalSection(ProjectConfigurationPlatforms) = postSolution
		{553E8FDD-B151-4CE3-863E-F210F41F6E16}.Debug|Any CPU.ActiveCfg = Debug|Any CPU
		{553E8FDD-B151-4CE3-863E-F210F41F6E16}.Debug|Any CPU.Build.0 = Debug|Any CPU
		{553E8FDD-B151-4CE3-863E-F210F41F6E16}.Release|Any CPU.ActiveCfg = Release|Any CPU
		{553E8FDD-B151-4CE3-863E-F210F41F6E16}.Release|Any CPU.Build.0 = Release|Any CPU
	EndGlobalSection
	GlobalSection(SolutionProperties) = preSolution
		HideSolutionNode = FALSE
	EndGlobalSection
	GlobalSection(ExtensibilityGlobals) = postSolution
		SolutionGuid = {835CAAD5-EB82-43D9-877E-B795BAB94145}
	EndGlobalSection
EndGlobal
