
Microsoft Visual Studio Solution File, Format Version 12.00
# Visual Studio 15
VisualStudioVersion = 15.0.28010.0
MinimumVisualStudioVersion = 10.0.40219.1
Project("{FAE04EC0-301F-11D3-BF4B-00C04F79EFBC}") = "MaxPathSum", "MaxPathSum\MaxPathSum.csproj", "{08A84FB6-37FF-42D3-AD97-00C6541B1360}"
EndProject
Global
	GlobalSection(SolutionConfigurationPlatforms) = preSolution
		Debug|Any CPU = Debug|Any CPU
		Release|Any CPU = Release|Any CPU
	EndGlobalSection
	GlobalSection(ProjectConfigurationPlatforms) = postSolution
		{08A84FB6-37FF-42D3-AD97-00C6541B1360}.Debug|Any CPU.ActiveCfg = Debug|Any CPU
		{08A84FB6-37FF-42D3-AD97-00C6541B1360}.Debug|Any CPU.Build.0 = Debug|Any CPU
		{08A84FB6-37FF-42D3-AD97-00C6541B1360}.Release|Any CPU.ActiveCfg = Release|Any CPU
		{08A84FB6-37FF-42D3-AD97-00C6541B1360}.Release|Any CPU.Build.0 = Release|Any CPU
	EndGlobalSection
	GlobalSection(SolutionProperties) = preSolution
		HideSolutionNode = FALSE
	EndGlobalSection
	GlobalSection(ExtensibilityGlobals) = postSolution
		SolutionGuid = {287BF257-ACB9-469D-ACDD-8E2EE1F85D48}
	EndGlobalSection
EndGlobal
