
Microsoft Visual Studio Solution File, Format Version 12.00
# Visual Studio 15
VisualStudioVersion = 15.0.28010.0
MinimumVisualStudioVersion = 10.0.40219.1
Project("{FAE04EC0-301F-11D3-BF4B-00C04F79EFBC}") = "LongestSubstringWithoutDuplicate", "LongestSubstringWithoutDuplicate\LongestSubstringWithoutDuplicate.csproj", "{D255A622-A716-40A0-9C81-68B0DA3CD321}"
EndProject
Global
	GlobalSection(SolutionConfigurationPlatforms) = preSolution
		Debug|Any CPU = Debug|Any CPU
		Release|Any CPU = Release|Any CPU
	EndGlobalSection
	GlobalSection(ProjectConfigurationPlatforms) = postSolution
		{D255A622-A716-40A0-9C81-68B0DA3CD321}.Debug|Any CPU.ActiveCfg = Debug|Any CPU
		{D255A622-A716-40A0-9C81-68B0DA3CD321}.Debug|Any CPU.Build.0 = Debug|Any CPU
		{D255A622-A716-40A0-9C81-68B0DA3CD321}.Release|Any CPU.ActiveCfg = Release|Any CPU
		{D255A622-A716-40A0-9C81-68B0DA3CD321}.Release|Any CPU.Build.0 = Release|Any CPU
	EndGlobalSection
	GlobalSection(SolutionProperties) = preSolution
		HideSolutionNode = FALSE
	EndGlobalSection
	GlobalSection(ExtensibilityGlobals) = postSolution
		SolutionGuid = {D6DD3760-03D9-4F3B-B566-0B5294358366}
	EndGlobalSection
EndGlobal
