
Microsoft Visual Studio Solution File, Format Version 12.00
# Visual Studio 15
VisualStudioVersion = 15.0.28010.0
MinimumVisualStudioVersion = 10.0.40219.1
Project("{FAE04EC0-301F-11D3-BF4B-00C04F79EFBC}") = "BubbleSort", "BubbleSort\BubbleSort.csproj", "{43F44278-1571-41C4-9C16-66E19F177732}"
EndProject
Global
	GlobalSection(SolutionConfigurationPlatforms) = preSolution
		Debug|Any CPU = Debug|Any CPU
		Release|Any CPU = Release|Any CPU
	EndGlobalSection
	GlobalSection(ProjectConfigurationPlatforms) = postSolution
		{43F44278-1571-41C4-9C16-66E19F177732}.Debug|Any CPU.ActiveCfg = Debug|Any CPU
		{43F44278-1571-41C4-9C16-66E19F177732}.Debug|Any CPU.Build.0 = Debug|Any CPU
		{43F44278-1571-41C4-9C16-66E19F177732}.Release|Any CPU.ActiveCfg = Release|Any CPU
		{43F44278-1571-41C4-9C16-66E19F177732}.Release|Any CPU.Build.0 = Release|Any CPU
	EndGlobalSection
	GlobalSection(SolutionProperties) = preSolution
		HideSolutionNode = FALSE
	EndGlobalSection
	GlobalSection(ExtensibilityGlobals) = postSolution
		SolutionGuid = {97CF98EB-73B0-4D67-B72E-0E3CC1B7A581}
	EndGlobalSection
EndGlobal
