
Microsoft Visual Studio Solution File, Format Version 12.00
# Visual Studio 15
VisualStudioVersion = 15.0.28010.0
MinimumVisualStudioVersion = 10.0.40219.1
Project("{FAE04EC0-301F-11D3-BF4B-00C04F79EFBC}") = "QuickSort", "QuickSort\QuickSort.csproj", "{35B7D125-01D2-45EE-9D87-B3BC638DEF98}"
EndProject
Global
	GlobalSection(SolutionConfigurationPlatforms) = preSolution
		Debug|Any CPU = Debug|Any CPU
		Release|Any CPU = Release|Any CPU
	EndGlobalSection
	GlobalSection(ProjectConfigurationPlatforms) = postSolution
		{35B7D125-01D2-45EE-9D87-B3BC638DEF98}.Debug|Any CPU.ActiveCfg = Debug|Any CPU
		{35B7D125-01D2-45EE-9D87-B3BC638DEF98}.Debug|Any CPU.Build.0 = Debug|Any CPU
		{35B7D125-01D2-45EE-9D87-B3BC638DEF98}.Release|Any CPU.ActiveCfg = Release|Any CPU
		{35B7D125-01D2-45EE-9D87-B3BC638DEF98}.Release|Any CPU.Build.0 = Release|Any CPU
	EndGlobalSection
	GlobalSection(SolutionProperties) = preSolution
		HideSolutionNode = FALSE
	EndGlobalSection
	GlobalSection(ExtensibilityGlobals) = postSolution
		SolutionGuid = {A10E7A03-AA87-4BB9-BAF6-5186B544AC86}
	EndGlobalSection
EndGlobal
