
Microsoft Visual Studio Solution File, Format Version 12.00
# Visual Studio 15
VisualStudioVersion = 15.0.28010.0
MinimumVisualStudioVersion = 10.0.40219.1
Project("{FAE04EC0-301F-11D3-BF4B-00C04F79EFBC}") = "BFSShortestPathProject", "BFSShortestPathProject\BFSShortestPathProject.csproj", "{8970A81C-C4E0-44DE-8A4C-A5EB7E934D5A}"
EndProject
Global
	GlobalSection(SolutionConfigurationPlatforms) = preSolution
		Debug|Any CPU = Debug|Any CPU
		Release|Any CPU = Release|Any CPU
	EndGlobalSection
	GlobalSection(ProjectConfigurationPlatforms) = postSolution
		{8970A81C-C4E0-44DE-8A4C-A5EB7E934D5A}.Debug|Any CPU.ActiveCfg = Debug|Any CPU
		{8970A81C-C4E0-44DE-8A4C-A5EB7E934D5A}.Debug|Any CPU.Build.0 = Debug|Any CPU
		{8970A81C-C4E0-44DE-8A4C-A5EB7E934D5A}.Release|Any CPU.ActiveCfg = Release|Any CPU
		{8970A81C-C4E0-44DE-8A4C-A5EB7E934D5A}.Release|Any CPU.Build.0 = Release|Any CPU
	EndGlobalSection
	GlobalSection(SolutionProperties) = preSolution
		HideSolutionNode = FALSE
	EndGlobalSection
	GlobalSection(ExtensibilityGlobals) = postSolution
		SolutionGuid = {F436AD85-BA25-457B-B765-74EAC1C1D27F}
	EndGlobalSection
EndGlobal
