
Microsoft Visual Studio Solution File, Format Version 12.00
# Visual Studio Version 16
VisualStudioVersion = 16.0.29324.140
MinimumVisualStudioVersion = 10.0.40219.1
Project("{FAE04EC0-301F-11D3-BF4B-00C04F79EFBC}") = "RetrievingDataFromThreadUsingCallback", "RetrievingDataFromThreadUsingCallback\RetrievingDataFromThreadUsingCallback.csproj", "{FDE6D5D8-1116-4E46-ABC3-9AC022179E9E}"
EndProject
Global
	GlobalSection(SolutionConfigurationPlatforms) = preSolution
		Debug|Any CPU = Debug|Any CPU
		Release|Any CPU = Release|Any CPU
	EndGlobalSection
	GlobalSection(ProjectConfigurationPlatforms) = postSolution
		{FDE6D5D8-1116-4E46-ABC3-9AC022179E9E}.Debug|Any CPU.ActiveCfg = Debug|Any CPU
		{FDE6D5D8-1116-4E46-ABC3-9AC022179E9E}.Debug|Any CPU.Build.0 = Debug|Any CPU
		{FDE6D5D8-1116-4E46-ABC3-9AC022179E9E}.Release|Any CPU.ActiveCfg = Release|Any CPU
		{FDE6D5D8-1116-4E46-ABC3-9AC022179E9E}.Release|Any CPU.Build.0 = Release|Any CPU
	EndGlobalSection
	GlobalSection(SolutionProperties) = preSolution
		HideSolutionNode = FALSE
	EndGlobalSection
	GlobalSection(ExtensibilityGlobals) = postSolution
		SolutionGuid = {FE698C12-0FB7-4684-A5B5-86F7830B2479}
	EndGlobalSection
EndGlobal
