
Microsoft Visual Studio Solution File, Format Version 12.00
# Visual Studio 15
VisualStudioVersion = 15.0.28010.0
MinimumVisualStudioVersion = 10.0.40219.1
Project("{FAE04EC0-301F-11D3-BF4B-00C04F79EFBC}") = "BinarySearchTreeProject", "BinarySearchTreeProject\BinarySearchTreeProject.csproj", "{2EF5E4B6-C2FA-4602-AD33-58F0FC0D3CB7}"
EndProject
Global
	GlobalSection(SolutionConfigurationPlatforms) = preSolution
		Debug|Any CPU = Debug|Any CPU
		Release|Any CPU = Release|Any CPU
	EndGlobalSection
	GlobalSection(ProjectConfigurationPlatforms) = postSolution
		{2EF5E4B6-C2FA-4602-AD33-58F0FC0D3CB7}.Debug|Any CPU.ActiveCfg = Debug|Any CPU
		{2EF5E4B6-C2FA-4602-AD33-58F0FC0D3CB7}.Debug|Any CPU.Build.0 = Debug|Any CPU
		{2EF5E4B6-C2FA-4602-AD33-58F0FC0D3CB7}.Release|Any CPU.ActiveCfg = Release|Any CPU
		{2EF5E4B6-C2FA-4602-AD33-58F0FC0D3CB7}.Release|Any CPU.Build.0 = Release|Any CPU
	EndGlobalSection
	GlobalSection(SolutionProperties) = preSolution
		HideSolutionNode = FALSE
	EndGlobalSection
	GlobalSection(ExtensibilityGlobals) = postSolution
		SolutionGuid = {6391B8AA-E25D-40C4-9044-405A7FD1D94F}
	EndGlobalSection
EndGlobal
