
Microsoft Visual Studio Solution File, Format Version 12.00
# Visual Studio 15
VisualStudioVersion = 15.0.28010.0
MinimumVisualStudioVersion = 10.0.40219.1
Project("{FAE04EC0-301F-11D3-BF4B-00C04F79EFBC}") = "HeapSort", "HeapSort\HeapSort.csproj", "{4942C623-6AE0-48E6-A52F-ED9D20FE994C}"
EndProject
Global
	GlobalSection(SolutionConfigurationPlatforms) = preSolution
		Debug|Any CPU = Debug|Any CPU
		Release|Any CPU = Release|Any CPU
	EndGlobalSection
	GlobalSection(ProjectConfigurationPlatforms) = postSolution
		{4942C623-6AE0-48E6-A52F-ED9D20FE994C}.Debug|Any CPU.ActiveCfg = Debug|Any CPU
		{4942C623-6AE0-48E6-A52F-ED9D20FE994C}.Debug|Any CPU.Build.0 = Debug|Any CPU
		{4942C623-6AE0-48E6-A52F-ED9D20FE994C}.Release|Any CPU.ActiveCfg = Release|Any CPU
		{4942C623-6AE0-48E6-A52F-ED9D20FE994C}.Release|Any CPU.Build.0 = Release|Any CPU
	EndGlobalSection
	GlobalSection(SolutionProperties) = preSolution
		HideSolutionNode = FALSE
	EndGlobalSection
	GlobalSection(ExtensibilityGlobals) = postSolution
		SolutionGuid = {3B41DD4A-2144-4E2E-841F-6514A933D3F7}
	EndGlobalSection
EndGlobal
