
Microsoft Visual Studio Solution File, Format Version 12.00
# Visual Studio 15
VisualStudioVersion = 15.0.28010.0
MinimumVisualStudioVersion = 10.0.40219.1
Project("{FAE04EC0-301F-11D3-BF4B-00C04F79EFBC}") = "FibonacciRecursion", "FibonacciRecursion\FibonacciRecursion.csproj", "{D9F6F7E0-E077-4DCB-8C59-38AB41DE6608}"
EndProject
Global
	GlobalSection(SolutionConfigurationPlatforms) = preSolution
		Debug|Any CPU = Debug|Any CPU
		Release|Any CPU = Release|Any CPU
	EndGlobalSection
	GlobalSection(ProjectConfigurationPlatforms) = postSolution
		{D9F6F7E0-E077-4DCB-8C59-38AB41DE6608}.Debug|Any CPU.ActiveCfg = Debug|Any CPU
		{D9F6F7E0-E077-4DCB-8C59-38AB41DE6608}.Debug|Any CPU.Build.0 = Debug|Any CPU
		{D9F6F7E0-E077-4DCB-8C59-38AB41DE6608}.Release|Any CPU.ActiveCfg = Release|Any CPU
		{D9F6F7E0-E077-4DCB-8C59-38AB41DE6608}.Release|Any CPU.Build.0 = Release|Any CPU
	EndGlobalSection
	GlobalSection(SolutionProperties) = preSolution
		HideSolutionNode = FALSE
	EndGlobalSection
	GlobalSection(ExtensibilityGlobals) = postSolution
		SolutionGuid = {668397DC-3106-4C9F-84E9-8268A66668E0}
	EndGlobalSection
EndGlobal
