
Microsoft Visual Studio Solution File, Format Version 12.00
# Visual Studio 15
VisualStudioVersion = 15.0.28010.0
MinimumVisualStudioVersion = 10.0.40219.1
Project("{FAE04EC0-301F-11D3-BF4B-00C04F79EFBC}") = "BFS", "BFS\BFS.csproj", "{D5C642CA-B589-4EE4-BA06-EA62ADFAEDE7}"
EndProject
Global
	GlobalSection(SolutionConfigurationPlatforms) = preSolution
		Debug|Any CPU = Debug|Any CPU
		Release|Any CPU = Release|Any CPU
	EndGlobalSection
	GlobalSection(ProjectConfigurationPlatforms) = postSolution
		{D5C642CA-B589-4EE4-BA06-EA62ADFAEDE7}.Debug|Any CPU.ActiveCfg = Debug|Any CPU
		{D5C642CA-B589-4EE4-BA06-EA62ADFAEDE7}.Debug|Any CPU.Build.0 = Debug|Any CPU
		{D5C642CA-B589-4EE4-BA06-EA62ADFAEDE7}.Release|Any CPU.ActiveCfg = Release|Any CPU
		{D5C642CA-B589-4EE4-BA06-EA62ADFAEDE7}.Release|Any CPU.Build.0 = Release|Any CPU
	EndGlobalSection
	GlobalSection(SolutionProperties) = preSolution
		HideSolutionNode = FALSE
	EndGlobalSection
	GlobalSection(ExtensibilityGlobals) = postSolution
		SolutionGuid = {22C69036-9C27-426B-999E-404D362DD78A}
	EndGlobalSection
EndGlobal
