
Microsoft Visual Studio Solution File, Format Version 12.00
# Visual Studio 15
VisualStudioVersion = 15.0.28010.0
MinimumVisualStudioVersion = 10.0.40219.1
Project("{FAE04EC0-301F-11D3-BF4B-00C04F79EFBC}") = "DFS", "DFS\DFS.csproj", "{9C22430F-9904-4F9E-B68E-AE5DE81C2920}"
EndProject
Global
	GlobalSection(SolutionConfigurationPlatforms) = preSolution
		Debug|Any CPU = Debug|Any CPU
		Release|Any CPU = Release|Any CPU
	EndGlobalSection
	GlobalSection(ProjectConfigurationPlatforms) = postSolution
		{9C22430F-9904-4F9E-B68E-AE5DE81C2920}.Debug|Any CPU.ActiveCfg = Debug|Any CPU
		{9C22430F-9904-4F9E-B68E-AE5DE81C2920}.Debug|Any CPU.Build.0 = Debug|Any CPU
		{9C22430F-9904-4F9E-B68E-AE5DE81C2920}.Release|Any CPU.ActiveCfg = Release|Any CPU
		{9C22430F-9904-4F9E-B68E-AE5DE81C2920}.Release|Any CPU.Build.0 = Release|Any CPU
	EndGlobalSection
	GlobalSection(SolutionProperties) = preSolution
		HideSolutionNode = FALSE
	EndGlobalSection
	GlobalSection(ExtensibilityGlobals) = postSolution
		SolutionGuid = {A027C432-C0EF-4141-B4BD-087B6C68E34D}
	EndGlobalSection
EndGlobal
