
Microsoft Visual Studio Solution File, Format Version 12.00
# Visual Studio 15
VisualStudioVersion = 15.0.28010.0
MinimumVisualStudioVersion = 10.0.40219.1
Project("{FAE04EC0-301F-11D3-BF4B-00C04F79EFBC}") = "DefangingAnIPAddress", "DefangingAnIPAddress\DefangingAnIPAddress.csproj", "{1979DC1F-ED32-4F54-A345-A6CEBAB6D46E}"
EndProject
Global
	GlobalSection(SolutionConfigurationPlatforms) = preSolution
		Debug|Any CPU = Debug|Any CPU
		Release|Any CPU = Release|Any CPU
	EndGlobalSection
	GlobalSection(ProjectConfigurationPlatforms) = postSolution
		{1979DC1F-ED32-4F54-A345-A6CEBAB6D46E}.Debug|Any CPU.ActiveCfg = Debug|Any CPU
		{1979DC1F-ED32-4F54-A345-A6CEBAB6D46E}.Debug|Any CPU.Build.0 = Debug|Any CPU
		{1979DC1F-ED32-4F54-A345-A6CEBAB6D46E}.Release|Any CPU.ActiveCfg = Release|Any CPU
		{1979DC1F-ED32-4F54-A345-A6CEBAB6D46E}.Release|Any CPU.Build.0 = Release|Any CPU
	EndGlobalSection
	GlobalSection(SolutionProperties) = preSolution
		HideSolutionNode = FALSE
	EndGlobalSection
	GlobalSection(ExtensibilityGlobals) = postSolution
		SolutionGuid = {58EA6FE6-DF97-488A-B8AF-1FCCAD92BDFC}
	EndGlobalSection
EndGlobal
