
Microsoft Visual Studio Solution File, Format Version 12.00
# Visual Studio 15
VisualStudioVersion = 15.0.28010.0
MinimumVisualStudioVersion = 10.0.40219.1
Project("{FAE04EC0-301F-11D3-BF4B-00C04F79EFBC}") = "InsertionSort", "InsertionSort\InsertionSort.csproj", "{64B6ED79-A600-4D41-866C-1D23905EB251}"
EndProject
Global
	GlobalSection(SolutionConfigurationPlatforms) = preSolution
		Debug|Any CPU = Debug|Any CPU
		Release|Any CPU = Release|Any CPU
	EndGlobalSection
	GlobalSection(ProjectConfigurationPlatforms) = postSolution
		{64B6ED79-A600-4D41-866C-1D23905EB251}.Debug|Any CPU.ActiveCfg = Debug|Any CPU
		{64B6ED79-A600-4D41-866C-1D23905EB251}.Debug|Any CPU.Build.0 = Debug|Any CPU
		{64B6ED79-A600-4D41-866C-1D23905EB251}.Release|Any CPU.ActiveCfg = Release|Any CPU
		{64B6ED79-A600-4D41-866C-1D23905EB251}.Release|Any CPU.Build.0 = Release|Any CPU
	EndGlobalSection
	GlobalSection(SolutionProperties) = preSolution
		HideSolutionNode = FALSE
	EndGlobalSection
	GlobalSection(ExtensibilityGlobals) = postSolution
		SolutionGuid = {8CA0A5F0-34D4-477B-80A3-6B0D5D1A868A}
	EndGlobalSection
EndGlobal
